
Microsoft Visual Studio Solution File, Format Version 12.00
# Visual Studio Version 17
VisualStudioVersion = 17.7.34031.279
MinimumVisualStudioVersion = 10.0.40219.1
Project("{FAE04EC0-301F-11D3-BF4B-00C04F79EFBC}") = "ToDoList", "ToDoList\ToDoList.csproj", "{26652EC7-D2DB-44C3-8985-C2B477242E55}"
EndProject
Global
	GlobalSection(SolutionConfigurationPlatforms) = preSolution
		Debug|Any CPU = Debug|Any CPU
		Release|Any CPU = Release|Any CPU
	EndGlobalSection
	GlobalSection(ProjectConfigurationPlatforms) = postSolution
		{26652EC7-D2DB-44C3-8985-C2B477242E55}.Debug|Any CPU.ActiveCfg = Debug|Any CPU
		{26652EC7-D2DB-44C3-8985-C2B477242E55}.Debug|Any CPU.Build.0 = Debug|Any CPU
		{26652EC7-D2DB-44C3-8985-C2B477242E55}.Release|Any CPU.ActiveCfg = Release|Any CPU
		{26652EC7-D2DB-44C3-8985-C2B477242E55}.Release|Any CPU.Build.0 = Release|Any CPU
	EndGlobalSection
	GlobalSection(SolutionProperties) = preSolution
		HideSolutionNode = FALSE
	EndGlobalSection
	GlobalSection(ExtensibilityGlobals) = postSolution
		SolutionGuid = {322CCDE2-8A19-49DE-8C8A-5F1661CC3E11}
	EndGlobalSection
EndGlobal
